// !$*UTF8*$!
{
	archiveVersion = 1;
	classes = {
	};
	objectVersion = 56;
	objects = {

/* Begin PBXBuildFile section */
		713BA43A2B220DBF009091A8 /* AppDelegate.swift in Sources */ = {isa = PBXBuildFile; fileRef = 713BA4392B220DBF009091A8 /* AppDelegate.swift */; };
		713BA43C2B220DBF009091A8 /* SceneDelegate.swift in Sources */ = {isa = PBXBuildFile; fileRef = 713BA43B2B220DBF009091A8 /* SceneDelegate.swift */; };
		713BA43E2B220DBF009091A8 /* ViewController.swift in Sources */ = {isa = PBXBuildFile; fileRef = 713BA43D2B220DBF009091A8 /* ViewController.swift */; };
		713BA4412B220DBF009091A8 /* Main.storyboard in Resources */ = {isa = PBXBuildFile; fileRef = 713BA43F2B220DBF009091A8 /* Main.storyboard */; };
		713BA4432B220DC0009091A8 /* Assets.xcassets in Resources */ = {isa = PBXBuildFile; fileRef = 713BA4422B220DC0009091A8 /* Assets.xcassets */; };
		713BA4462B220DC0009091A8 /* LaunchScreen.storyboard in Resources */ = {isa = PBXBuildFile; fileRef = 713BA4442B220DC0009091A8 /* LaunchScreen.storyboard */; };
		713BA4502B220F50009091A8 /* SnapKit in Frameworks */ = {isa = PBXBuildFile; productRef = 713BA44F2B220F50009091A8 /* SnapKit */; };
		713BA4522B220F50009091A8 /* SnapKit-Dynamic in Frameworks */ = {isa = PBXBuildFile; productRef = 713BA4512B220F50009091A8 /* SnapKit-Dynamic */; };
		713BA4552B22106D009091A8 /* Then in Frameworks */ = {isa = PBXBuildFile; productRef = 713BA4542B22106D009091A8 /* Then */; };
		713BA4572B2210B1009091A8 /* UIView+.swift in Sources */ = {isa = PBXBuildFile; fileRef = 713BA4562B2210B1009091A8 /* UIView+.swift */; };
		713BA45C2B22111D009091A8 /* FirstVC.swift in Sources */ = {isa = PBXBuildFile; fileRef = 713BA45B2B22111D009091A8 /* FirstVC.swift */; };
/* End PBXBuildFile section */

/* Begin PBXFileReference section */
		713BA4362B220DBF009091A8 /* AnimationStudy.app */ = {isa = PBXFileReference; explicitFileType = wrapper.application; includeInIndex = 0; path = AnimationStudy.app; sourceTree = BUILT_PRODUCTS_DIR; };
		713BA4392B220DBF009091A8 /* AppDelegate.swift */ = {isa = PBXFileReference; lastKnownFileType = sourcecode.swift; path = AppDelegate.swift; sourceTree = "<group>"; };
		713BA43B2B220DBF009091A8 /* SceneDelegate.swift */ = {isa = PBXFileReference; lastKnownFileType = sourcecode.swift; path = SceneDelegate.swift; sourceTree = "<group>"; };
		713BA43D2B220DBF009091A8 /* ViewController.swift */ = {isa = PBXFileReference; lastKnownFileType = sourcecode.swift; path = ViewController.swift; sourceTree = "<group>"; };
		713BA4402B220DBF009091A8 /* Base */ = {isa = PBXFileReference; lastKnownFileType = file.storyboard; name = Base; path = Base.lproj/Main.storyboard; sourceTree = "<group>"; };
		713BA4422B220DC0009091A8 /* Assets.xcassets */ = {isa = PBXFileReference; lastKnownFileType = folder.assetcatalog; path = Assets.xcassets; sourceTree = "<group>"; };
		713BA4452B220DC0009091A8 /* Base */ = {isa = PBXFileReference; lastKnownFileType = file.storyboard; name = Base; path = Base.lproj/LaunchScreen.storyboard; sourceTree = "<group>"; };
		713BA4472B220DC0009091A8 /* Info.plist */ = {isa = PBXFileReference; lastKnownFileType = text.plist.xml; path = Info.plist; sourceTree = "<group>"; };
		713BA4562B2210B1009091A8 /* UIView+.swift */ = {isa = PBXFileReference; lastKnownFileType = sourcecode.swift; path = "UIView+.swift"; sourceTree = "<group>"; };
		713BA45B2B22111D009091A8 /* FirstVC.swift */ = {isa = PBXFileReference; lastKnownFileType = sourcecode.swift; path = FirstVC.swift; sourceTree = "<group>"; };
/* End PBXFileReference section */

/* Begin PBXFrameworksBuildPhase section */
		713BA4332B220DBF009091A8 /* Frameworks */ = {
			isa = PBXFrameworksBuildPhase;
			buildActionMask = 2147483647;
			files = (
				713BA4502B220F50009091A8 /* SnapKit in Frameworks */,
				713BA4552B22106D009091A8 /* Then in Frameworks */,
				713BA4522B220F50009091A8 /* SnapKit-Dynamic in Frameworks */,
			);
			runOnlyForDeploymentPostprocessing = 0;
		};
/* End PBXFrameworksBuildPhase section */

/* Begin PBXGroup section */
		713BA42D2B220DBF009091A8 = {
			isa = PBXGroup;
			children = (
				713BA4382B220DBF009091A8 /* AnimationStudy */,
				713BA4372B220DBF009091A8 /* Products */,
			);
			sourceTree = "<group>";
		};
		713BA4372B220DBF009091A8 /* Products */ = {
			isa = PBXGroup;
			children = (
				713BA4362B220DBF009091A8 /* AnimationStudy.app */,
			);
			name = Products;
			sourceTree = "<group>";
		};
		713BA4382B220DBF009091A8 /* AnimationStudy */ = {
			isa = PBXGroup;
			children = (
				713BA44D2B220EA6009091A8 /* App */,
				713BA4582B2210C8009091A8 /* 1stWeek */,
				713BA43D2B220DBF009091A8 /* ViewController.swift */,
				713BA43F2B220DBF009091A8 /* Main.storyboard */,
				713BA4422B220DC0009091A8 /* Assets.xcassets */,
				713BA4442B220DC0009091A8 /* LaunchScreen.storyboard */,
				713BA4472B220DC0009091A8 /* Info.plist */,
			);
			path = AnimationStudy;
			sourceTree = "<group>";
		};
		713BA44D2B220EA6009091A8 /* App */ = {
			isa = PBXGroup;
			children = (
				713BA4392B220DBF009091A8 /* AppDelegate.swift */,
				713BA43B2B220DBF009091A8 /* SceneDelegate.swift */,
				713BA4562B2210B1009091A8 /* UIView+.swift */,
			);
			path = App;
			sourceTree = "<group>";
		};
		713BA4582B2210C8009091A8 /* 1stWeek */ = {
			isa = PBXGroup;
			children = (
				713BA45B2B22111D009091A8 /* FirstVC.swift */,
			);
			path = 1stWeek;
			sourceTree = "<group>";
		};
/* End PBXGroup section */

/* Begin PBXNativeTarget section */
		713BA4352B220DBF009091A8 /* AnimationStudy */ = {
			isa = PBXNativeTarget;
			buildConfigurationList = 713BA44A2B220DC0009091A8 /* Build configuration list for PBXNativeTarget "AnimationStudy" */;
			buildPhases = (
				713BA4322B220DBF009091A8 /* Sources */,
				713BA4332B220DBF009091A8 /* Frameworks */,
				713BA4342B220DBF009091A8 /* Resources */,
			);
			buildRules = (
			);
			dependencies = (
			);
			name = AnimationStudy;
			packageProductDependencies = (
				713BA44F2B220F50009091A8 /* SnapKit */,
				713BA4512B220F50009091A8 /* SnapKit-Dynamic */,
				713BA4542B22106D009091A8 /* Then */,
			);
			productName = AnimationStudy;
			productReference = 713BA4362B220DBF009091A8 /* AnimationStudy.app */;
			productType = "com.apple.product-type.application";
		};
/* End PBXNativeTarget section */

/* Begin PBXProject section */
		713BA42E2B220DBF009091A8 /* Project object */ = {
			isa = PBXProject;
			attributes = {
				BuildIndependentTargetsInParallel = 1;
				LastSwiftUpdateCheck = 1500;
				LastUpgradeCheck = 1500;
				TargetAttributes = {
					713BA4352B220DBF009091A8 = {
						CreatedOnToolsVersion = 15.0;
					};
				};
			};
			buildConfigurationList = 713BA4312B220DBF009091A8 /* Build configuration list for PBXProject "AnimationStudy" */;
			compatibilityVersion = "Xcode 14.0";
			developmentRegion = en;
			hasScannedForEncodings = 0;
			knownRegions = (
				en,
				Base,
			);
			mainGroup = 713BA42D2B220DBF009091A8;
			packageReferences = (
				713BA44E2B220F50009091A8 /* XCRemoteSwiftPackageReference "SnapKit" */,
				713BA4532B22106D009091A8 /* XCRemoteSwiftPackageReference "Then" */,
			);
			productRefGroup = 713BA4372B220DBF009091A8 /* Products */;
			projectDirPath = "";
			projectRoot = "";
			targets = (
				713BA4352B220DBF009091A8 /* AnimationStudy */,
			);
		};
/* End PBXProject section */

/* Begin PBXResourcesBuildPhase section */
		713BA4342B220DBF009091A8 /* Resources */ = {
			isa = PBXResourcesBuildPhase;
			buildActionMask = 2147483647;
			files = (
				713BA4462B220DC0009091A8 /* LaunchScreen.storyboard in Resources */,
				713BA4432B220DC0009091A8 /* Assets.xcassets in Resources */,
				713BA4412B220DBF009091A8 /* Main.storyboard in Resources */,
			);
			runOnlyForDeploymentPostprocessing = 0;
		};
/* End PBXResourcesBuildPhase section */

/* Begin PBXSourcesBuildPhase section */
		713BA4322B220DBF009091A8 /* Sources */ = {
			isa = PBXSourcesBuildPhase;
			buildActionMask = 2147483647;
			files = (
				713BA4572B2210B1009091A8 /* UIView+.swift in Sources */,
				713BA43E2B220DBF009091A8 /* ViewController.swift in Sources */,
				713BA43A2B220DBF009091A8 /* AppDelegate.swift in Sources */,
				713BA45C2B22111D009091A8 /* FirstVC.swift in Sources */,
				713BA43C2B220DBF009091A8 /* SceneDelegate.swift in Sources */,
			);
			runOnlyForDeploymentPostprocessing = 0;
		};
/* End PBXSourcesBuildPhase section */

/* Begin PBXVariantGroup section */
		713BA43F2B220DBF009091A8 /* Main.storyboard */ = {
			isa = PBXVariantGroup;
			children = (
				713BA4402B220DBF009091A8 /* Base */,
			);
			name = Main.storyboard;
			sourceTree = "<group>";
		};
		713BA4442B220DC0009091A8 /* LaunchScreen.storyboard */ = {
			isa = PBXVariantGroup;
			children = (
				713BA4452B220DC0009091A8 /* Base */,
			);
			name = LaunchScreen.storyboard;
			sourceTree = "<group>";
		};
/* End PBXVariantGroup section */

/* Begin XCBuildConfiguration section */
		713BA4482B220DC0009091A8 /* Debug */ = {
			isa = XCBuildConfiguration;
			buildSettings = {
				ALWAYS_SEARCH_USER_PATHS = NO;
				ASSETCATALOG_COMPILER_GENERATE_SWIFT_ASSET_SYMBOL_EXTENSIONS = YES;
				CLANG_ANALYZER_NONNULL = YES;
				CLANG_ANALYZER_NUMBER_OBJECT_CONVERSION = YES_AGGRESSIVE;
				CLANG_CXX_LANGUAGE_STANDARD = "gnu++20";
				CLANG_ENABLE_MODULES = YES;
				CLANG_ENABLE_OBJC_ARC = YES;
				CLANG_ENABLE_OBJC_WEAK = YES;
				CLANG_WARN_BLOCK_CAPTURE_AUTORELEASING = YES;
				CLANG_WARN_BOOL_CONVERSION = YES;
				CLANG_WARN_COMMA = YES;
				CLANG_WARN_CONSTANT_CONVERSION = YES;
				CLANG_WARN_DEPRECATED_OBJC_IMPLEMENTATIONS = YES;
				CLANG_WARN_DIRECT_OBJC_ISA_USAGE = YES_ERROR;
				CLANG_WARN_DOCUMENTATION_COMMENTS = YES;
				CLANG_WARN_EMPTY_BODY = YES;
				CLANG_WARN_ENUM_CONVERSION = YES;
				CLANG_WARN_INFINITE_RECURSION = YES;
				CLANG_WARN_INT_CONVERSION = YES;
				CLANG_WARN_NON_LITERAL_NULL_CONVERSION = YES;
				CLANG_WARN_OBJC_IMPLICIT_RETAIN_SELF = YES;
				CLANG_WARN_OBJC_LITERAL_CONVERSION = YES;
				CLANG_WARN_OBJC_ROOT_CLASS = YES_ERROR;
				CLANG_WARN_QUOTED_INCLUDE_IN_FRAMEWORK_HEADER = YES;
				CLANG_WARN_RANGE_LOOP_ANALYSIS = YES;
				CLANG_WARN_STRICT_PROTOTYPES = YES;
				CLANG_WARN_SUSPICIOUS_MOVE = YES;
				CLANG_WARN_UNGUARDED_AVAILABILITY = YES_AGGRESSIVE;
				CLANG_WARN_UNREACHABLE_CODE = YES;
				CLANG_WARN__DUPLICATE_METHOD_MATCH = YES;
				COPY_PHASE_STRIP = NO;
				DEBUG_INFORMATION_FORMAT = dwarf;
				ENABLE_STRICT_OBJC_MSGSEND = YES;
				ENABLE_TESTABILITY = YES;
				ENABLE_USER_SCRIPT_SANDBOXING = YES;
				GCC_C_LANGUAGE_STANDARD = gnu17;
				GCC_DYNAMIC_NO_PIC = NO;
				GCC_NO_COMMON_BLOCKS = YES;
				GCC_OPTIMIZATION_LEVEL = 0;
				GCC_PREPROCESSOR_DEFINITIONS = (
					"DEBUG=1",
					"$(inherited)",
				);
				GCC_WARN_64_TO_32_BIT_CONVERSION = YES;
				GCC_WARN_ABOUT_RETURN_TYPE = YES_ERROR;
				GCC_WARN_UNDECLARED_SELECTOR = YES;
				GCC_WARN_UNINITIALIZED_AUTOS = YES_AGGRESSIVE;
				GCC_WARN_UNUSED_FUNCTION = YES;
				GCC_WARN_UNUSED_VARIABLE = YES;
				IPHONEOS_DEPLOYMENT_TARGET = 17.0;
				LOCALIZATION_PREFERS_STRING_CATALOGS = YES;
				MTL_ENABLE_DEBUG_INFO = INCLUDE_SOURCE;
				MTL_FAST_MATH = YES;
				ONLY_ACTIVE_ARCH = YES;
				SDKROOT = iphoneos;
				SWIFT_ACTIVE_COMPILATION_CONDITIONS = "DEBUG $(inherited)";
				SWIFT_OPTIMIZATION_LEVEL = "-Onone";
			};
			name = Debug;
		};
		713BA4492B220DC0009091A8 /* Release */ = {
			isa = XCBuildConfiguration;
			buildSettings = {
				ALWAYS_SEARCH_USER_PATHS = NO;
				ASSETCATALOG_COMPILER_GENERATE_SWIFT_ASSET_SYMBOL_EXTENSIONS = YES;
				CLANG_ANALYZER_NONNULL = YES;
				CLANG_ANALYZER_NUMBER_OBJECT_CONVERSION = YES_AGGRESSIVE;
				CLANG_CXX_LANGUAGE_STANDARD = "gnu++20";
				CLANG_ENABLE_MODULES = YES;
				CLANG_ENABLE_OBJC_ARC = YES;
				CLANG_ENABLE_OBJC_WEAK = YES;
				CLANG_WARN_BLOCK_CAPTURE_AUTORELEASING = YES;
				CLANG_WARN_BOOL_CONVERSION = YES;
				CLANG_WARN_COMMA = YES;
				CLANG_WARN_CONSTANT_CONVERSION = YES;
				CLANG_WARN_DEPRECATED_OBJC_IMPLEMENTATIONS = YES;
				CLANG_WARN_DIRECT_OBJC_ISA_USAGE = YES_ERROR;
				CLANG_WARN_DOCUMENTATION_COMMENTS = YES;
				CLANG_WARN_EMPTY_BODY = YES;
				CLANG_WARN_ENUM_CONVERSION = YES;
				CLANG_WARN_INFINITE_RECURSION = YES;
				CLANG_WARN_INT_CONVERSION = YES;
				CLANG_WARN_NON_LITERAL_NULL_CONVERSION = YES;
				CLANG_WARN_OBJC_IMPLICIT_RETAIN_SELF = YES;
				CLANG_WARN_OBJC_LITERAL_CONVERSION = YES;
				CLANG_WARN_OBJC_ROOT_CLASS = YES_ERROR;
				CLANG_WARN_QUOTED_INCLUDE_IN_FRAMEWORK_HEADER = YES;
				CLANG_WARN_RANGE_LOOP_ANALYSIS = YES;
				CLANG_WARN_STRICT_PROTOTYPES = YES;
				CLANG_WARN_SUSPICIOUS_MOVE = YES;
				CLANG_WARN_UNGUARDED_AVAILABILITY = YES_AGGRESSIVE;
				CLANG_WARN_UNREACHABLE_CODE = YES;
				CLANG_WARN__DUPLICATE_METHOD_MATCH = YES;
				COPY_PHASE_STRIP = NO;
				DEBUG_INFORMATION_FORMAT = "dwarf-with-dsym";
				ENABLE_NS_ASSERTIONS = NO;
				ENABLE_STRICT_OBJC_MSGSEND = YES;
				ENABLE_USER_SCRIPT_SANDBOXING = YES;
				GCC_C_LANGUAGE_STANDARD = gnu17;
				GCC_NO_COMMON_BLOCKS = YES;
				GCC_WARN_64_TO_32_BIT_CONVERSION = YES;
				GCC_WARN_ABOUT_RETURN_TYPE = YES_ERROR;
				GCC_WARN_UNDECLARED_SELECTOR = YES;
				GCC_WARN_UNINITIALIZED_AUTOS = YES_AGGRESSIVE;
				GCC_WARN_UNUSED_FUNCTION = YES;
				GCC_WARN_UNUSED_VARIABLE = YES;
				IPHONEOS_DEPLOYMENT_TARGET = 17.0;
				LOCALIZATION_PREFERS_STRING_CATALOGS = YES;
				MTL_ENABLE_DEBUG_INFO = NO;
				MTL_FAST_MATH = YES;
				SDKROOT = iphoneos;
				SWIFT_COMPILATION_MODE = wholemodule;
				VALIDATE_PRODUCT = YES;
			};
			name = Release;
		};
		713BA44B2B220DC0009091A8 /* Debug */ = {
			isa = XCBuildConfiguration;
			buildSettings = {
				ASSETCATALOG_COMPILER_APPICON_NAME = AppIcon;
				ASSETCATALOG_COMPILER_GLOBAL_ACCENT_COLOR_NAME = AccentColor;
				CODE_SIGN_STYLE = Automatic;
				CURRENT_PROJECT_VERSION = 1;
				GENERATE_INFOPLIST_FILE = YES;
				INFOPLIST_FILE = AnimationStudy/Info.plist;
				INFOPLIST_KEY_UIApplicationSupportsIndirectInputEvents = YES;
				INFOPLIST_KEY_UILaunchStoryboardName = LaunchScreen;
				INFOPLIST_KEY_UIMainStoryboardFile = Main;
				INFOPLIST_KEY_UISupportedInterfaceOrientations_iPad = "UIInterfaceOrientationPortrait UIInterfaceOrientationPortraitUpsideDown UIInterfaceOrientationLandscapeLeft UIInterfaceOrientationLandscapeRight";
				INFOPLIST_KEY_UISupportedInterfaceOrientations_iPhone = "UIInterfaceOrientationPortrait UIInterfaceOrientationLandscapeLeft UIInterfaceOrientationLandscapeRight";
				LD_RUNPATH_SEARCH_PATHS = (
					"$(inherited)",
					"@executable_path/Frameworks",
				);
				MARKETING_VERSION = 1.0;
				PRODUCT_BUNDLE_IDENTIFIER = com.thingjin.AnimationStudy;
				PRODUCT_NAME = "$(TARGET_NAME)";
				SWIFT_EMIT_LOC_STRINGS = YES;
				SWIFT_VERSION = 5.0;
				TARGETED_DEVICE_FAMILY = "1,2";
			};
			name = Debug;
		};
		713BA44C2B220DC0009091A8 /* Release */ = {
			isa = XCBuildConfiguration;
			buildSettings = {
				ASSETCATALOG_COMPILER_APPICON_NAME = AppIcon;
				ASSETCATALOG_COMPILER_GLOBAL_ACCENT_COLOR_NAME = AccentColor;
				CODE_SIGN_STYLE = Automatic;
				CURRENT_PROJECT_VERSION = 1;
				GENERATE_INFOPLIST_FILE = YES;
				INFOPLIST_FILE = AnimationStudy/Info.plist;
				INFOPLIST_KEY_UIApplicationSupportsIndirectInputEvents = YES;
				INFOPLIST_KEY_UILaunchStoryboardName = LaunchScreen;
				INFOPLIST_KEY_UIMainStoryboardFile = Main;
				INFOPLIST_KEY_UISupportedInterfaceOrientations_iPad = "UIInterfaceOrientationPortrait UIInterfaceOrientationPortraitUpsideDown UIInterfaceOrientationLandscapeLeft UIInterfaceOrientationLandscapeRight";
				INFOPLIST_KEY_UISupportedInterfaceOrientations_iPhone = "UIInterfaceOrientationPortrait UIInterfaceOrientationLandscapeLeft UIInterfaceOrientationLandscapeRight";
				LD_RUNPATH_SEARCH_PATHS = (
					"$(inherited)",
					"@executable_path/Frameworks",
				);
				MARKETING_VERSION = 1.0;
				PRODUCT_BUNDLE_IDENTIFIER = com.thingjin.AnimationStudy;
				PRODUCT_NAME = "$(TARGET_NAME)";
				SWIFT_EMIT_LOC_STRINGS = YES;
				SWIFT_VERSION = 5.0;
				TARGETED_DEVICE_FAMILY = "1,2";
			};
			name = Release;
		};
/* End XCBuildConfiguration section */

/* Begin XCConfigurationList section */
		713BA4312B220DBF009091A8 /* Build configuration list for PBXProject "AnimationStudy" */ = {
			isa = XCConfigurationList;
			buildConfigurations = (
				713BA4482B220DC0009091A8 /* Debug */,
				713BA4492B220DC0009091A8 /* Release */,
			);
			defaultConfigurationIsVisible = 0;
			defaultConfigurationName = Release;
		};
		713BA44A2B220DC0009091A8 /* Build configuration list for PBXNativeTarget "AnimationStudy" */ = {
			isa = XCConfigurationList;
			buildConfigurations = (
				713BA44B2B220DC0009091A8 /* Debug */,
				713BA44C2B220DC0009091A8 /* Release */,
			);
			defaultConfigurationIsVisible = 0;
			defaultConfigurationName = Release;
		};
/* End XCConfigurationList section */

/* Begin XCRemoteSwiftPackageReference section */
		713BA44E2B220F50009091A8 /* XCRemoteSwiftPackageReference "SnapKit" */ = {
			isa = XCRemoteSwiftPackageReference;
			repositoryURL = "https://github.com/SnapKit/SnapKit.git";
			requirement = {
				kind = upToNextMajorVersion;
				minimumVersion = 5.6.0;
			};
		};
		713BA4532B22106D009091A8 /* XCRemoteSwiftPackageReference "Then" */ = {
			isa = XCRemoteSwiftPackageReference;
			repositoryURL = "https://github.com/devxoul/Then";
			requirement = {
				kind = upToNextMajorVersion;
				minimumVersion = 3.0.0;
			};
		};
/* End XCRemoteSwiftPackageReference section */

/* Begin XCSwiftPackageProductDependency section */
		713BA44F2B220F50009091A8 /* SnapKit */ = {
			isa = XCSwiftPackageProductDependency;
			package = 713BA44E2B220F50009091A8 /* XCRemoteSwiftPackageReference "SnapKit" */;
			productName = SnapKit;
		};
		713BA4512B220F50009091A8 /* SnapKit-Dynamic */ = {
			isa = XCSwiftPackageProductDependency;
			package = 713BA44E2B220F50009091A8 /* XCRemoteSwiftPackageReference "SnapKit" */;
			productName = "SnapKit-Dynamic";
		};
		713BA4542B22106D009091A8 /* Then */ = {
			isa = XCSwiftPackageProductDependency;
			package = 713BA4532B22106D009091A8 /* XCRemoteSwiftPackageReference "Then" */;
			productName = Then;
		};
/* End XCSwiftPackageProductDependency section */
	};
	rootObject = 713BA42E2B220DBF009091A8 /* Project object */;
}
